
Microsoft Visual Studio Solution File, Format Version 12.00
# Visual Studio 15
VisualStudioVersion = 15.0.27004.2005
MinimumVisualStudioVersion = 10.0.40219.1
Project("{9A19103F-16F7-4668-BE54-9A1E7A4F7556}") = "OGame.Api", "OGame.Api\OGame.Api.csproj", "{7BE6B7EA-2639-4D70-A244-67D64AC28C7A}"
EndProject
Project("{FAE04EC0-301F-11D3-BF4B-00C04F79EFBC}") = "OGame.Auth", "OGame.Auth\OGame.Auth.csproj", "{D4661ACA-78F5-4BFB-8D5E-90D14435CC06}"
EndProject
Project("{FAE04EC0-301F-11D3-BF4B-00C04F79EFBC}") = "OGame.Services", "OGame.Services\OGame.Services.csproj", "{420073FD-6B41-44F5-B97A-4D835FA9C47E}"
EndProject
Global
	GlobalSection(SolutionConfigurationPlatforms) = preSolution
		Debug|Any CPU = Debug|Any CPU
		Release|Any CPU = Release|Any CPU
	EndGlobalSection
	GlobalSection(ProjectConfigurationPlatforms) = postSolution
		{7BE6B7EA-2639-4D70-A244-67D64AC28C7A}.Debug|Any CPU.ActiveCfg = Debug|Any CPU
		{7BE6B7EA-2639-4D70-A244-67D64AC28C7A}.Debug|Any CPU.Build.0 = Debug|Any CPU
		{7BE6B7EA-2639-4D70-A244-67D64AC28C7A}.Release|Any CPU.ActiveCfg = Release|Any CPU
		{7BE6B7EA-2639-4D70-A244-67D64AC28C7A}.Release|Any CPU.Build.0 = Release|Any CPU
		{D4661ACA-78F5-4BFB-8D5E-90D14435CC06}.Debug|Any CPU.ActiveCfg = Debug|Any CPU
		{D4661ACA-78F5-4BFB-8D5E-90D14435CC06}.Debug|Any CPU.Build.0 = Debug|Any CPU
		{D4661ACA-78F5-4BFB-8D5E-90D14435CC06}.Release|Any CPU.ActiveCfg = Release|Any CPU
		{D4661ACA-78F5-4BFB-8D5E-90D14435CC06}.Release|Any CPU.Build.0 = Release|Any CPU
		{420073FD-6B41-44F5-B97A-4D835FA9C47E}.Debug|Any CPU.ActiveCfg = Debug|Any CPU
		{420073FD-6B41-44F5-B97A-4D835FA9C47E}.Debug|Any CPU.Build.0 = Debug|Any CPU
		{420073FD-6B41-44F5-B97A-4D835FA9C47E}.Release|Any CPU.ActiveCfg = Release|Any CPU
		{420073FD-6B41-44F5-B97A-4D835FA9C47E}.Release|Any CPU.Build.0 = Release|Any CPU
	EndGlobalSection
	GlobalSection(SolutionProperties) = preSolution
		HideSolutionNode = FALSE
	EndGlobalSection
	GlobalSection(ExtensibilityGlobals) = postSolution
		SolutionGuid = {A8AC36D8-86B8-4E25-8B71-56CD8ECE5E03}
	EndGlobalSection
EndGlobal
